
Microsoft Visual Studio Solution File, Format Version 12.00
# Visual Studio Version 16
VisualStudioVersion = 16.0.28803.202
MinimumVisualStudioVersion = 10.0.40219.1
Project("{FAE04EC0-301F-11D3-BF4B-00C04F79EFBC}") = "Ctrl", "Ctrl\Ctrl.csproj", "{2C70A197-0ED8-4279-A2D3-073ACBEFD325}"
EndProject
Global
	GlobalSection(SolutionConfigurationPlatforms) = preSolution
		Debug|Any CPU = Debug|Any CPU
		Release|Any CPU = Release|Any CPU
	EndGlobalSection
	GlobalSection(ProjectConfigurationPlatforms) = postSolution
		{2C70A197-0ED8-4279-A2D3-073ACBEFD325}.Debug|Any CPU.ActiveCfg = Debug|Any CPU
		{2C70A197-0ED8-4279-A2D3-073ACBEFD325}.Debug|Any CPU.Build.0 = Debug|Any CPU
		{2C70A197-0ED8-4279-A2D3-073ACBEFD325}.Release|Any CPU.ActiveCfg = Release|Any CPU
		{2C70A197-0ED8-4279-A2D3-073ACBEFD325}.Release|Any CPU.Build.0 = Release|Any CPU
	EndGlobalSection
	GlobalSection(SolutionProperties) = preSolution
		HideSolutionNode = FALSE
	EndGlobalSection
	GlobalSection(ExtensibilityGlobals) = postSolution
		SolutionGuid = {65FE0294-22C2-492A-9373-AD6ACF0F2849}
	EndGlobalSection
EndGlobal
